
Microsoft Visual Studio Solution File, Format Version 12.00
# Visual Studio Version 17
VisualStudioVersion = 17.8.34309.116
MinimumVisualStudioVersion = 10.0.40219.1
Project("{FAE04EC0-301F-11D3-BF4B-00C04F79EFBC}") = "BlazorWebApp", "BlazorWebApp\BlazorWebApp.csproj", "{A3754D45-45E5-43AF-A75E-BA4E52B693C5}"
EndProject
Project("{FAE04EC0-301F-11D3-BF4B-00C04F79EFBC}") = "BlazorWebApp.Client", "BlazorWebApp.Client\BlazorWebApp.Client.csproj", "{88DF5662-0E05-40A5-89A5-9297C78E3866}"
EndProject
Global
	GlobalSection(SolutionConfigurationPlatforms) = preSolution
		Debug|Any CPU = Debug|Any CPU
		Release|Any CPU = Release|Any CPU
	EndGlobalSection
	GlobalSection(ProjectConfigurationPlatforms) = postSolution
		{A3754D45-45E5-43AF-A75E-BA4E52B693C5}.Debug|Any CPU.ActiveCfg = Debug|Any CPU
		{A3754D45-45E5-43AF-A75E-BA4E52B693C5}.Debug|Any CPU.Build.0 = Debug|Any CPU
		{A3754D45-45E5-43AF-A75E-BA4E52B693C5}.Release|Any CPU.ActiveCfg = Release|Any CPU
		{A3754D45-45E5-43AF-A75E-BA4E52B693C5}.Release|Any CPU.Build.0 = Release|Any CPU
		{88DF5662-0E05-40A5-89A5-9297C78E3866}.Debug|Any CPU.ActiveCfg = Debug|Any CPU
		{88DF5662-0E05-40A5-89A5-9297C78E3866}.Debug|Any CPU.Build.0 = Debug|Any CPU
		{88DF5662-0E05-40A5-89A5-9297C78E3866}.Release|Any CPU.ActiveCfg = Release|Any CPU
		{88DF5662-0E05-40A5-89A5-9297C78E3866}.Release|Any CPU.Build.0 = Release|Any CPU
	EndGlobalSection
	GlobalSection(SolutionProperties) = preSolution
		HideSolutionNode = FALSE
	EndGlobalSection
	GlobalSection(ExtensibilityGlobals) = postSolution
		SolutionGuid = {C3A18371-A314-48B1-BD9F-24CE35592163}
	EndGlobalSection
EndGlobal
